{
  "version": 4,
  "terraform_version": "1.7.5",
  "serial": 252,
  "lineage": "6a133d20-d5c6-2ba7-154c-f1b1791d4467",
  "outputs": {
    "instance_id": {
      "value": "4859489313632599080",
      "type": "string"
    },
    "instance_id2": {
      "value": "4453192850609323048",
      "type": "string"
    },
    "ipv4_address": {
      "value": "34.96.126.89",
      "type": "string"
    },
    "public_ip_teste1": {
      "value": "35.185.148.63",
      "type": "string"
    },
    "public_ip_teste2": {
      "value": "34.81.156.40",
      "type": "string"
    }
  },
  "resources": [
    {
      "mode": "data",
      "type": "google_compute_global_address",
      "name": "ipv4_address_info",
      "provider": "provider[\"registry.terraform.io/hashicorp/google\"]",
      "instances": [
        {
          "schema_version": 0,
          "attributes": {
            "address": "34.96.126.89",
            "address_type": "EXTERNAL",
            "id": "projects/projetocloud-417315/global/addresses/ipv4-address",
            "name": "ipv4-address",
            "network": "",
            "network_tier": "PREMIUM",
            "prefix_length": 0,
            "project": "projetocloud-417315",
            "purpose": "",
            "self_link": "https://www.googleapis.com/compute/v1/projects/projetocloud-417315/global/addresses/ipv4-address",
            "status": "RESERVED",
            "subnetwork": "",
            "users": null
          },
          "sensitive_attributes": []
        }
      ]
    },
    {
      "mode": "managed",
      "type": "google_compute_backend_service",
      "name": "html-backend-service",
      "provider": "provider[\"registry.terraform.io/hashicorp/google\"]",
      "instances": [
        {
          "schema_version": 1,
          "attributes": {
            "affinity_cookie_ttl_sec": 0,
            "backend": [
              {
                "balancing_mode": "UTILIZATION",
                "capacity_scaler": 1,
                "description": "",
                "group": "https://www.googleapis.com/compute/v1/projects/projetocloud-417315/zones/asia-east1-a/instanceGroups/html-instance-group-asia-east1-a",
                "max_connections": 0,
                "max_connections_per_endpoint": 0,
                "max_connections_per_instance": 0,
                "max_rate": 0,
                "max_rate_per_endpoint": 0,
                "max_rate_per_instance": 0,
                "max_utilization": 0.8
              },
              {
                "balancing_mode": "UTILIZATION",
                "capacity_scaler": 1,
                "description": "",
                "group": "https://www.googleapis.com/compute/v1/projects/projetocloud-417315/zones/us-central1-b/instanceGroups/html-instance-group-us-central1-b",
                "max_connections": 0,
                "max_connections_per_endpoint": 0,
                "max_connections_per_instance": 0,
                "max_rate": 0,
                "max_rate_per_endpoint": 0,
                "max_rate_per_instance": 0,
                "max_utilization": 0.8
              }
            ],
            "cdn_policy": [],
            "circuit_breakers": [],
            "compression_mode": "",
            "connection_draining_timeout_sec": 300,
            "consistent_hash": [],
            "creation_timestamp": "2024-05-21T13:24:04.312-07:00",
            "custom_request_headers": null,
            "custom_response_headers": null,
            "description": "",
            "edge_security_policy": "",
            "enable_cdn": false,
            "fingerprint": "B9CUGwWavpY=",
            "generated_id": 322546326134897675,
            "health_checks": [
              "projects/projetocloud-417315/global/httpHealthChecks/http-health-check"
            ],
            "iap": [],
            "id": "projects/projetocloud-417315/global/backendServices/html-backend-service",
            "load_balancing_scheme": "EXTERNAL",
            "locality_lb_policies": [],
            "locality_lb_policy": "",
            "log_config": [],
            "name": "html-backend-service",
            "outlier_detection": [],
            "port_name": "http",
            "project": "projetocloud-417315",
            "protocol": "HTTP",
            "security_policy": "",
            "security_settings": [],
            "self_link": "https://www.googleapis.com/compute/v1/projects/projetocloud-417315/global/backendServices/html-backend-service",
            "session_affinity": "NONE",
            "timeout_sec": 30,
            "timeouts": null
          },
          "sensitive_attributes": [],
          "private": "eyJlMmJmYjczMC1lY2FhLTExZTYtOGY4OC0zNDM2M2JjN2M0YzAiOnsiY3JlYXRlIjoxMjAwMDAwMDAwMDAwLCJkZWxldGUiOjEyMDAwMDAwMDAwMDAsInVwZGF0ZSI6MTIwMDAwMDAwMDAwMH0sInNjaGVtYV92ZXJzaW9uIjoiMSJ9",
          "dependencies": [
            "google_compute_http_health_check.http-health-check",
            "google_compute_instance.html-instance-asia-east1-a",
            "google_compute_instance.html-instance-us-central1-b",
            "google_compute_instance_group.html-instance-group-asia-east1-a",
            "google_compute_instance_group.html-instance-group-us-central1-b"
          ]
        }
      ]
    },
    {
      "mode": "managed",
      "type": "google_compute_backend_service",
      "name": "video-backend-service",
      "provider": "provider[\"registry.terraform.io/hashicorp/google\"]",
      "instances": [
        {
          "schema_version": 1,
          "attributes": {
            "affinity_cookie_ttl_sec": 0,
            "backend": [
              {
                "balancing_mode": "UTILIZATION",
                "capacity_scaler": 1,
                "description": "",
                "group": "https://www.googleapis.com/compute/v1/projects/projetocloud-417315/zones/asia-east1-a/instanceGroups/vide-instance-group-asia-east1-a",
                "max_connections": 0,
                "max_connections_per_endpoint": 0,
                "max_connections_per_instance": 0,
                "max_rate": 0,
                "max_rate_per_endpoint": 0,
                "max_rate_per_instance": 0,
                "max_utilization": 0.8
              },
              {
                "balancing_mode": "UTILIZATION",
                "capacity_scaler": 1,
                "description": "",
                "group": "https://www.googleapis.com/compute/v1/projects/projetocloud-417315/zones/us-central1-b/instanceGroups/vide-instance-group-us-central1-b",
                "max_connections": 0,
                "max_connections_per_endpoint": 0,
                "max_connections_per_instance": 0,
                "max_rate": 0,
                "max_rate_per_endpoint": 0,
                "max_rate_per_instance": 0,
                "max_utilization": 0.8
              }
            ],
            "cdn_policy": [],
            "circuit_breakers": [],
            "compression_mode": "",
            "connection_draining_timeout_sec": 300,
            "consistent_hash": [],
            "creation_timestamp": "2024-05-21T13:24:05.353-07:00",
            "custom_request_headers": null,
            "custom_response_headers": null,
            "description": "",
            "edge_security_policy": "",
            "enable_cdn": false,
            "fingerprint": "YXOx03nQP2A=",
            "generated_id": 5655802217683270666,
            "health_checks": [
              "projects/projetocloud-417315/global/httpHealthChecks/http-health-check"
            ],
            "iap": [],
            "id": "projects/projetocloud-417315/global/backendServices/video-backend-service",
            "load_balancing_scheme": "EXTERNAL",
            "locality_lb_policies": [],
            "locality_lb_policy": "",
            "log_config": [],
            "name": "video-backend-service",
            "outlier_detection": [],
            "port_name": "http",
            "project": "projetocloud-417315",
            "protocol": "HTTP",
            "security_policy": "",
            "security_settings": [],
            "self_link": "https://www.googleapis.com/compute/v1/projects/projetocloud-417315/global/backendServices/video-backend-service",
            "session_affinity": "NONE",
            "timeout_sec": 30,
            "timeouts": null
          },
          "sensitive_attributes": [],
          "private": "eyJlMmJmYjczMC1lY2FhLTExZTYtOGY4OC0zNDM2M2JjN2M0YzAiOnsiY3JlYXRlIjoxMjAwMDAwMDAwMDAwLCJkZWxldGUiOjEyMDAwMDAwMDAwMDAsInVwZGF0ZSI6MTIwMDAwMDAwMDAwMH0sInNjaGVtYV92ZXJzaW9uIjoiMSJ9",
          "dependencies": [
            "google_compute_http_health_check.http-health-check",
            "google_compute_instance.video-instance-asia-east1-a",
            "google_compute_instance.video-instance-us-central1-b",
            "google_compute_instance_group.video-instance-group-asia-east1-a",
            "google_compute_instance_group.video-instance-group-us-central1-b"
          ]
        }
      ]
    },
    {
      "mode": "managed",
      "type": "google_compute_firewall",
      "name": "www-firewall-rule",
      "provider": "provider[\"registry.terraform.io/hashicorp/google\"]",
      "instances": [
        {
          "schema_version": 1,
          "attributes": {
            "allow": [
              {
                "ports": [
                  "80"
                ],
                "protocol": "tcp"
              }
            ],
            "creation_timestamp": "2024-05-21T13:23:34.042-07:00",
            "deny": [],
            "description": "",
            "destination_ranges": [],
            "direction": "INGRESS",
            "disabled": false,
            "enable_logging": null,
            "id": "projects/projetocloud-417315/global/firewalls/www-firewall-rule",
            "log_config": [],
            "name": "www-firewall-rule",
            "network": "https://www.googleapis.com/compute/v1/projects/projetocloud-417315/global/networks/default",
            "priority": 1000,
            "project": "projetocloud-417315",
            "self_link": "https://www.googleapis.com/compute/v1/projects/projetocloud-417315/global/firewalls/www-firewall-rule",
            "source_ranges": [
              "130.211.0.0/22",
              "35.191.0.0/16"
            ],
            "source_service_accounts": null,
            "source_tags": null,
            "target_service_accounts": null,
            "target_tags": null,
            "timeouts": null
          },
          "sensitive_attributes": [],
          "private": "eyJlMmJmYjczMC1lY2FhLTExZTYtOGY4OC0zNDM2M2JjN2M0YzAiOnsiY3JlYXRlIjoxMjAwMDAwMDAwMDAwLCJkZWxldGUiOjEyMDAwMDAwMDAwMDAsInVwZGF0ZSI6MTIwMDAwMDAwMDAwMH0sInNjaGVtYV92ZXJzaW9uIjoiMSJ9"
        }
      ]
    },
    {
      "mode": "managed",
      "type": "google_compute_global_address",
      "name": "ipv4_address",
      "provider": "provider[\"registry.terraform.io/hashicorp/google\"]",
      "instances": [
        {
          "schema_version": 0,
          "attributes": {
            "address": "34.96.126.89",
            "address_type": "EXTERNAL",
            "creation_timestamp": "2024-05-21T13:23:33.914-07:00",
            "description": "",
            "id": "projects/projetocloud-417315/global/addresses/ipv4-address",
            "ip_version": "",
            "name": "ipv4-address",
            "network": "",
            "prefix_length": 0,
            "project": "projetocloud-417315",
            "purpose": "",
            "self_link": "https://www.googleapis.com/compute/v1/projects/projetocloud-417315/global/addresses/ipv4-address",
            "timeouts": null
          },
          "sensitive_attributes": [],
          "private": "eyJlMmJmYjczMC1lY2FhLTExZTYtOGY4OC0zNDM2M2JjN2M0YzAiOnsiY3JlYXRlIjoxMjAwMDAwMDAwMDAwLCJkZWxldGUiOjEyMDAwMDAwMDAwMDB9fQ=="
        }
      ]
    },
    {
      "mode": "managed",
      "type": "google_compute_http_health_check",
      "name": "http-health-check",
      "provider": "provider[\"registry.terraform.io/hashicorp/google\"]",
      "instances": [
        {
          "schema_version": 0,
          "attributes": {
            "check_interval_sec": 5,
            "creation_timestamp": "2024-05-21T13:23:33.930-07:00",
            "description": "",
            "healthy_threshold": 2,
            "host": "",
            "id": "projects/projetocloud-417315/global/httpHealthChecks/http-health-check",
            "name": "http-health-check",
            "port": 80,
            "project": "projetocloud-417315",
            "request_path": "/",
            "self_link": "https://www.googleapis.com/compute/v1/projects/projetocloud-417315/global/httpHealthChecks/http-health-check",
            "timeout_sec": 5,
            "timeouts": null,
            "unhealthy_threshold": 2
          },
          "sensitive_attributes": [],
          "private": "eyJlMmJmYjczMC1lY2FhLTExZTYtOGY4OC0zNDM2M2JjN2M0YzAiOnsiY3JlYXRlIjoxMjAwMDAwMDAwMDAwLCJkZWxldGUiOjEyMDAwMDAwMDAwMDAsInVwZGF0ZSI6MTIwMDAwMDAwMDAwMH19"
        }
      ]
    },
    {
      "mode": "managed",
      "type": "google_compute_instance",
      "name": "html-instance-asia-east1-a",
      "provider": "provider[\"registry.terraform.io/hashicorp/google\"]",
      "instances": [
        {
          "schema_version": 6,
          "attributes": {
            "advanced_machine_features": [],
            "allow_stopping_for_update": null,
            "attached_disk": [],
            "boot_disk": [
              {
                "auto_delete": true,
                "device_name": "persistent-disk-0",
                "disk_encryption_key_raw": "",
                "disk_encryption_key_sha256": "",
                "initialize_params": [
                  {
                    "image": "https://www.googleapis.com/compute/v1/projects/debian-cloud/global/images/debian-11-bullseye-v20240515",
                    "labels": {},
                    "resource_manager_tags": null,
                    "size": 10,
                    "type": "pd-standard"
                  }
                ],
                "kms_key_self_link": "",
                "mode": "READ_WRITE",
                "source": "https://www.googleapis.com/compute/v1/projects/projetocloud-417315/zones/asia-east1-a/disks/video-instance-asia-east1-a"
              }
            ],
            "can_ip_forward": false,
            "confidential_instance_config": [],
            "cpu_platform": "Intel Broadwell",
            "current_status": "RUNNING",
            "deletion_protection": false,
            "description": "",
            "desired_status": null,
            "enable_display": false,
            "guest_accelerator": [],
            "hostname": "",
            "id": "projects/projetocloud-417315/zones/asia-east1-a/instances/video-instance-asia-east1-a",
            "instance_id": "4859489313632599080",
            "label_fingerprint": "42WmSpB8rSM=",
            "labels": null,
            "machine_type": "e2-micro",
            "metadata": {
              "ssh-keys": "      monicaaaraujo_aa:ssh-rsa AAAAB3NzaC1yc2EAAAADAQABAAACAQC0sjyxepiun6vl+R3HfyidCAf9lWyjIReNI6gNkmEOymrZonIEmVRorms11Zwl+HU0774BYra3IEgMLmBRIh1k+jstUh1MwpR/ENg01U6OWG+IyzAtvMgXtpMPORM7wxV28O9zpvuNVSfZJtSNsE6UH8sBIlhiSM+MCCpgQaT2X7z43cWBvPHh3NNWSc/xK4B2yAFhj7bmH1WS1tx7jGj8oh8kGft2WPVuAmJrYLrzv+Fni1d0D5bAkDeSTPvb3+CO0IKiCBbV2y/tUIRBWxQVLJh9KXfpTHz5SfOje5k+Tla8eTsyR3JGQt/mIYEEJNFl0TVTGowtmL69w51yDwDETmPqjp3T1wgQQBa3NsNBuqz4mcPdToii/+1xzdm1lVaUYaPqot0IjK1HbFk5ZH2F9O1MIvpxpX1kuUF26FBgAALGYV0mpWrZRQ0seAEDFDGzHKfFsab3D0xcaq7j/LNhLMr7uCEIYLs7pEcs34PWRfl0yo5waDOTqm7D639C4gTsD/ZTyru2cShSGem5wPmBSvl8vSdnwbPEAiErkky/kaj4TPc3peu3XcqwxKeF3Zbje41YpN18zjDVs59xCmjbxRq0jpgePRpycDaBVuWbN/JUu/Xiaapzy1P5t2TBUCEpeDbHq7HiE8zwVcQkJ84uTrYYoVw47+dEJGuU00P52Q== admcloud_key\r\n      mariajoao7:ssh-rsa AAAAB3NzaC1yc2EAAAADAQABAAACAQC0sjyxepiun6vl+R3HfyidCAf9lWyjIReNI6gNkmEOymrZonIEmVRorms11Zwl+HU0774BYra3IEgMLmBRIh1k+jstUh1MwpR/ENg01U6OWG+IyzAtvMgXtpMPORM7wxV28O9zpvuNVSfZJtSNsE6UH8sBIlhiSM+MCCpgQaT2X7z43cWBvPHh3NNWSc/xK4B2yAFhj7bmH1WS1tx7jGj8oh8kGft2WPVuAmJrYLrzv+Fni1d0D5bAkDeSTPvb3+CO0IKiCBbV2y/tUIRBWxQVLJh9KXfpTHz5SfOje5k+Tla8eTsyR3JGQt/mIYEEJNFl0TVTGowtmL69w51yDwDETmPqjp3T1wgQQBa3NsNBuqz4mcPdToii/+1xzdm1lVaUYaPqot0IjK1HbFk5ZH2F9O1MIvpxpX1kuUF26FBgAALGYV0mpWrZRQ0seAEDFDGzHKfFsab3D0xcaq7j/LNhLMr7uCEIYLs7pEcs34PWRfl0yo5waDOTqm7D639C4gTsD/ZTyru2cShSGem5wPmBSvl8vSdnwbPEAiErkky/kaj4TPc3peu3XcqwxKeF3Zbje41YpN18zjDVs59xCmjbxRq0jpgePRpycDaBVuWbN/JUu/Xiaapzy1P5t2TBUCEpeDbHq7HiE8zwVcQkJ84uTrYYoVw47+dEJGuU00P52Q== admcloud_key\r\n"
            },
            "metadata_fingerprint": "UwbAGZQaMFI=",
            "metadata_startup_script": "#!/bin/bash\n\nsudo apt-get update\nsudo apt-get install apache2 -y\nsudo service apache2 restart \n# sudo apt-get install -y nginx-light jq\n\necho '\u003c!doctype html\u003e\u003chtml\u003e\u003cbody\u003e\u003ch1\u003eweb-html\u003c/h1\u003e\u003c/body\u003e\u003c/html\u003e' | sudo tee /var/www/html/index.html",
            "min_cpu_platform": "",
            "name": "video-instance-asia-east1-a",
            "network_interface": [
              {
                "access_config": [
                  {
                    "nat_ip": "35.185.148.63",
                    "network_tier": "PREMIUM",
                    "public_ptr_domain_name": ""
                  }
                ],
                "alias_ip_range": [],
                "internal_ipv6_prefix_length": 0,
                "ipv6_access_config": [],
                "ipv6_access_type": "",
                "ipv6_address": "",
                "name": "nic0",
                "network": "https://www.googleapis.com/compute/v1/projects/projetocloud-417315/global/networks/default",
                "network_ip": "10.140.0.21",
                "nic_type": "",
                "queue_count": 0,
                "stack_type": "IPV4_ONLY",
                "subnetwork": "https://www.googleapis.com/compute/v1/projects/projetocloud-417315/regions/asia-east1/subnetworks/default",
                "subnetwork_project": "projetocloud-417315"
              }
            ],
            "network_performance_config": [],
            "params": [],
            "project": "projetocloud-417315",
            "reservation_affinity": [],
            "resource_policies": null,
            "scheduling": [
              {
                "automatic_restart": true,
                "instance_termination_action": "",
                "local_ssd_recovery_timeout": [],
                "min_node_cpus": 0,
                "node_affinities": [],
                "on_host_maintenance": "MIGRATE",
                "preemptible": false,
                "provisioning_model": "STANDARD"
              }
            ],
            "scratch_disk": [],
            "self_link": "https://www.googleapis.com/compute/v1/projects/projetocloud-417315/zones/asia-east1-a/instances/video-instance-asia-east1-a",
            "service_account": [],
            "shielded_instance_config": [
              {
                "enable_integrity_monitoring": true,
                "enable_secure_boot": false,
                "enable_vtpm": true
              }
            ],
            "tags": null,
            "tags_fingerprint": "42WmSpB8rSM=",
            "timeouts": null,
            "zone": "asia-east1-a"
          },
          "sensitive_attributes": [],
          "private": "eyJlMmJmYjczMC1lY2FhLTExZTYtOGY4OC0zNDM2M2JjN2M0YzAiOnsiY3JlYXRlIjoxMjAwMDAwMDAwMDAwLCJkZWxldGUiOjEyMDAwMDAwMDAwMDAsInVwZGF0ZSI6MTIwMDAwMDAwMDAwMH0sInNjaGVtYV92ZXJzaW9uIjoiNiJ9"
        }
      ]
    },
    {
      "mode": "managed",
      "type": "google_compute_instance",
      "name": "html-instance-europe-west9-a",
      "provider": "provider[\"registry.terraform.io/hashicorp/google\"]",
      "instances": [
        {
          "schema_version": 6,
          "attributes": {
            "advanced_machine_features": [],
            "allow_stopping_for_update": null,
            "attached_disk": [],
            "boot_disk": [
              {
                "auto_delete": true,
                "device_name": "persistent-disk-0",
                "disk_encryption_key_raw": "",
                "disk_encryption_key_sha256": "",
                "initialize_params": [
                  {
                    "image": "https://www.googleapis.com/compute/v1/projects/debian-cloud/global/images/debian-11-bullseye-v20240515",
                    "labels": {},
                    "resource_manager_tags": null,
                    "size": 10,
                    "type": "pd-standard"
                  }
                ],
                "kms_key_self_link": "",
                "mode": "READ_WRITE",
                "source": "https://www.googleapis.com/compute/v1/projects/projetocloud-417315/zones/europe-west9-a/disks/html-instance-europe-west9-a"
              }
            ],
            "can_ip_forward": false,
            "confidential_instance_config": [],
            "cpu_platform": "Intel Broadwell",
            "current_status": "RUNNING",
            "deletion_protection": false,
            "description": "",
            "desired_status": null,
            "enable_display": false,
            "guest_accelerator": [],
            "hostname": "",
            "id": "projects/projetocloud-417315/zones/europe-west9-a/instances/html-instance-europe-west9-a",
            "instance_id": "4980963259485043752",
            "label_fingerprint": "42WmSpB8rSM=",
            "labels": null,
            "machine_type": "e2-micro",
            "metadata": {
              "ssh-keys": "      monicaaaraujo_aa:ssh-rsa AAAAB3NzaC1yc2EAAAADAQABAAACAQC0sjyxepiun6vl+R3HfyidCAf9lWyjIReNI6gNkmEOymrZonIEmVRorms11Zwl+HU0774BYra3IEgMLmBRIh1k+jstUh1MwpR/ENg01U6OWG+IyzAtvMgXtpMPORM7wxV28O9zpvuNVSfZJtSNsE6UH8sBIlhiSM+MCCpgQaT2X7z43cWBvPHh3NNWSc/xK4B2yAFhj7bmH1WS1tx7jGj8oh8kGft2WPVuAmJrYLrzv+Fni1d0D5bAkDeSTPvb3+CO0IKiCBbV2y/tUIRBWxQVLJh9KXfpTHz5SfOje5k+Tla8eTsyR3JGQt/mIYEEJNFl0TVTGowtmL69w51yDwDETmPqjp3T1wgQQBa3NsNBuqz4mcPdToii/+1xzdm1lVaUYaPqot0IjK1HbFk5ZH2F9O1MIvpxpX1kuUF26FBgAALGYV0mpWrZRQ0seAEDFDGzHKfFsab3D0xcaq7j/LNhLMr7uCEIYLs7pEcs34PWRfl0yo5waDOTqm7D639C4gTsD/ZTyru2cShSGem5wPmBSvl8vSdnwbPEAiErkky/kaj4TPc3peu3XcqwxKeF3Zbje41YpN18zjDVs59xCmjbxRq0jpgePRpycDaBVuWbN/JUu/Xiaapzy1P5t2TBUCEpeDbHq7HiE8zwVcQkJ84uTrYYoVw47+dEJGuU00P52Q== admcloud_key\r\n      mariajoao7:ssh-rsa AAAAB3NzaC1yc2EAAAADAQABAAACAQC0sjyxepiun6vl+R3HfyidCAf9lWyjIReNI6gNkmEOymrZonIEmVRorms11Zwl+HU0774BYra3IEgMLmBRIh1k+jstUh1MwpR/ENg01U6OWG+IyzAtvMgXtpMPORM7wxV28O9zpvuNVSfZJtSNsE6UH8sBIlhiSM+MCCpgQaT2X7z43cWBvPHh3NNWSc/xK4B2yAFhj7bmH1WS1tx7jGj8oh8kGft2WPVuAmJrYLrzv+Fni1d0D5bAkDeSTPvb3+CO0IKiCBbV2y/tUIRBWxQVLJh9KXfpTHz5SfOje5k+Tla8eTsyR3JGQt/mIYEEJNFl0TVTGowtmL69w51yDwDETmPqjp3T1wgQQBa3NsNBuqz4mcPdToii/+1xzdm1lVaUYaPqot0IjK1HbFk5ZH2F9O1MIvpxpX1kuUF26FBgAALGYV0mpWrZRQ0seAEDFDGzHKfFsab3D0xcaq7j/LNhLMr7uCEIYLs7pEcs34PWRfl0yo5waDOTqm7D639C4gTsD/ZTyru2cShSGem5wPmBSvl8vSdnwbPEAiErkky/kaj4TPc3peu3XcqwxKeF3Zbje41YpN18zjDVs59xCmjbxRq0jpgePRpycDaBVuWbN/JUu/Xiaapzy1P5t2TBUCEpeDbHq7HiE8zwVcQkJ84uTrYYoVw47+dEJGuU00P52Q== admcloud_key\r\n"
            },
            "metadata_fingerprint": "UwbAGZQaMFI=",
            "metadata_startup_script": "#!/bin/bash\n\nsudo apt-get update\nsudo apt-get install apache2 -y\nsudo service apache2 restart \n# sudo apt-get install -y nginx-light jq\n\necho '\u003c!doctype html\u003e\u003chtml\u003e\u003cbody\u003e\u003ch1\u003eweb-html\u003c/h1\u003e\u003c/body\u003e\u003c/html\u003e' | sudo tee /var/www/html/index.html",
            "min_cpu_platform": "",
            "name": "html-instance-europe-west9-a",
            "network_interface": [
              {
                "access_config": [
                  {
                    "nat_ip": "34.163.215.75",
                    "network_tier": "PREMIUM",
                    "public_ptr_domain_name": ""
                  }
                ],
                "alias_ip_range": [],
                "internal_ipv6_prefix_length": 0,
                "ipv6_access_config": [],
                "ipv6_access_type": "",
                "ipv6_address": "",
                "name": "nic0",
                "network": "https://www.googleapis.com/compute/v1/projects/projetocloud-417315/global/networks/default",
                "network_ip": "10.200.0.7",
                "nic_type": "",
                "queue_count": 0,
                "stack_type": "IPV4_ONLY",
                "subnetwork": "https://www.googleapis.com/compute/v1/projects/projetocloud-417315/regions/europe-west9/subnetworks/default",
                "subnetwork_project": "projetocloud-417315"
              }
            ],
            "network_performance_config": [],
            "params": [],
            "project": "projetocloud-417315",
            "reservation_affinity": [],
            "resource_policies": null,
            "scheduling": [
              {
                "automatic_restart": true,
                "instance_termination_action": "",
                "local_ssd_recovery_timeout": [],
                "min_node_cpus": 0,
                "node_affinities": [],
                "on_host_maintenance": "MIGRATE",
                "preemptible": false,
                "provisioning_model": "STANDARD"
              }
            ],
            "scratch_disk": [],
            "self_link": "https://www.googleapis.com/compute/v1/projects/projetocloud-417315/zones/europe-west9-a/instances/html-instance-europe-west9-a",
            "service_account": [],
            "shielded_instance_config": [
              {
                "enable_integrity_monitoring": true,
                "enable_secure_boot": false,
                "enable_vtpm": true
              }
            ],
            "tags": null,
            "tags_fingerprint": "42WmSpB8rSM=",
            "timeouts": null,
            "zone": "europe-west9-a"
          },
          "sensitive_attributes": [],
          "private": "eyJlMmJmYjczMC1lY2FhLTExZTYtOGY4OC0zNDM2M2JjN2M0YzAiOnsiY3JlYXRlIjoxMjAwMDAwMDAwMDAwLCJkZWxldGUiOjEyMDAwMDAwMDAwMDAsInVwZGF0ZSI6MTIwMDAwMDAwMDAwMH0sInNjaGVtYV92ZXJzaW9uIjoiNiJ9"
        }
      ]
    },
    {
      "mode": "managed",
      "type": "google_compute_instance",
      "name": "html-instance-us-central1-b",
      "provider": "provider[\"registry.terraform.io/hashicorp/google\"]",
      "instances": [
        {
          "schema_version": 6,
          "attributes": {
            "advanced_machine_features": [],
            "allow_stopping_for_update": null,
            "attached_disk": [],
            "boot_disk": [
              {
                "auto_delete": true,
                "device_name": "persistent-disk-0",
                "disk_encryption_key_raw": "",
                "disk_encryption_key_sha256": "",
                "initialize_params": [
                  {
                    "image": "https://www.googleapis.com/compute/v1/projects/debian-cloud/global/images/debian-11-bullseye-v20240515",
                    "labels": {},
                    "resource_manager_tags": null,
                    "size": 10,
                    "type": "pd-standard"
                  }
                ],
                "kms_key_self_link": "",
                "mode": "READ_WRITE",
                "source": "https://www.googleapis.com/compute/v1/projects/projetocloud-417315/zones/us-central1-b/disks/html-instance-us-central1-b"
              }
            ],
            "can_ip_forward": false,
            "confidential_instance_config": [],
            "cpu_platform": "Intel Broadwell",
            "current_status": "RUNNING",
            "deletion_protection": false,
            "description": "",
            "desired_status": null,
            "enable_display": false,
            "guest_accelerator": [],
            "hostname": "",
            "id": "projects/projetocloud-417315/zones/us-central1-b/instances/html-instance-us-central1-b",
            "instance_id": "305098773114174504",
            "label_fingerprint": "42WmSpB8rSM=",
            "labels": null,
            "machine_type": "e2-micro",
            "metadata": {
              "ssh-keys": "      monicaaaraujo_aa:ssh-rsa AAAAB3NzaC1yc2EAAAADAQABAAACAQC0sjyxepiun6vl+R3HfyidCAf9lWyjIReNI6gNkmEOymrZonIEmVRorms11Zwl+HU0774BYra3IEgMLmBRIh1k+jstUh1MwpR/ENg01U6OWG+IyzAtvMgXtpMPORM7wxV28O9zpvuNVSfZJtSNsE6UH8sBIlhiSM+MCCpgQaT2X7z43cWBvPHh3NNWSc/xK4B2yAFhj7bmH1WS1tx7jGj8oh8kGft2WPVuAmJrYLrzv+Fni1d0D5bAkDeSTPvb3+CO0IKiCBbV2y/tUIRBWxQVLJh9KXfpTHz5SfOje5k+Tla8eTsyR3JGQt/mIYEEJNFl0TVTGowtmL69w51yDwDETmPqjp3T1wgQQBa3NsNBuqz4mcPdToii/+1xzdm1lVaUYaPqot0IjK1HbFk5ZH2F9O1MIvpxpX1kuUF26FBgAALGYV0mpWrZRQ0seAEDFDGzHKfFsab3D0xcaq7j/LNhLMr7uCEIYLs7pEcs34PWRfl0yo5waDOTqm7D639C4gTsD/ZTyru2cShSGem5wPmBSvl8vSdnwbPEAiErkky/kaj4TPc3peu3XcqwxKeF3Zbje41YpN18zjDVs59xCmjbxRq0jpgePRpycDaBVuWbN/JUu/Xiaapzy1P5t2TBUCEpeDbHq7HiE8zwVcQkJ84uTrYYoVw47+dEJGuU00P52Q== admcloud_key\r\n      mariajoao7:ssh-rsa AAAAB3NzaC1yc2EAAAADAQABAAACAQC0sjyxepiun6vl+R3HfyidCAf9lWyjIReNI6gNkmEOymrZonIEmVRorms11Zwl+HU0774BYra3IEgMLmBRIh1k+jstUh1MwpR/ENg01U6OWG+IyzAtvMgXtpMPORM7wxV28O9zpvuNVSfZJtSNsE6UH8sBIlhiSM+MCCpgQaT2X7z43cWBvPHh3NNWSc/xK4B2yAFhj7bmH1WS1tx7jGj8oh8kGft2WPVuAmJrYLrzv+Fni1d0D5bAkDeSTPvb3+CO0IKiCBbV2y/tUIRBWxQVLJh9KXfpTHz5SfOje5k+Tla8eTsyR3JGQt/mIYEEJNFl0TVTGowtmL69w51yDwDETmPqjp3T1wgQQBa3NsNBuqz4mcPdToii/+1xzdm1lVaUYaPqot0IjK1HbFk5ZH2F9O1MIvpxpX1kuUF26FBgAALGYV0mpWrZRQ0seAEDFDGzHKfFsab3D0xcaq7j/LNhLMr7uCEIYLs7pEcs34PWRfl0yo5waDOTqm7D639C4gTsD/ZTyru2cShSGem5wPmBSvl8vSdnwbPEAiErkky/kaj4TPc3peu3XcqwxKeF3Zbje41YpN18zjDVs59xCmjbxRq0jpgePRpycDaBVuWbN/JUu/Xiaapzy1P5t2TBUCEpeDbHq7HiE8zwVcQkJ84uTrYYoVw47+dEJGuU00P52Q== admcloud_key\r\n"
            },
            "metadata_fingerprint": "UwbAGZQaMFI=",
            "metadata_startup_script": "#!/bin/bash\n\nsudo apt-get update\nsudo apt-get install apache2 -y\nsudo service apache2 restart \n# sudo apt-get install -y nginx-light jq\n\necho '\u003c!doctype html\u003e\u003chtml\u003e\u003cbody\u003e\u003ch1\u003eweb-html\u003c/h1\u003e\u003c/body\u003e\u003c/html\u003e' | sudo tee /var/www/html/index.html",
            "min_cpu_platform": "",
            "name": "html-instance-us-central1-b",
            "network_interface": [
              {
                "access_config": [
                  {
                    "nat_ip": "35.223.244.119",
                    "network_tier": "PREMIUM",
                    "public_ptr_domain_name": ""
                  }
                ],
                "alias_ip_range": [],
                "internal_ipv6_prefix_length": 0,
                "ipv6_access_config": [],
                "ipv6_access_type": "",
                "ipv6_address": "",
                "name": "nic0",
                "network": "https://www.googleapis.com/compute/v1/projects/projetocloud-417315/global/networks/default",
                "network_ip": "10.128.0.23",
                "nic_type": "",
                "queue_count": 0,
                "stack_type": "IPV4_ONLY",
                "subnetwork": "https://www.googleapis.com/compute/v1/projects/projetocloud-417315/regions/us-central1/subnetworks/default",
                "subnetwork_project": "projetocloud-417315"
              }
            ],
            "network_performance_config": [],
            "params": [],
            "project": "projetocloud-417315",
            "reservation_affinity": [],
            "resource_policies": null,
            "scheduling": [
              {
                "automatic_restart": true,
                "instance_termination_action": "",
                "local_ssd_recovery_timeout": [],
                "min_node_cpus": 0,
                "node_affinities": [],
                "on_host_maintenance": "MIGRATE",
                "preemptible": false,
                "provisioning_model": "STANDARD"
              }
            ],
            "scratch_disk": [],
            "self_link": "https://www.googleapis.com/compute/v1/projects/projetocloud-417315/zones/us-central1-b/instances/html-instance-us-central1-b",
            "service_account": [],
            "shielded_instance_config": [
              {
                "enable_integrity_monitoring": true,
                "enable_secure_boot": false,
                "enable_vtpm": true
              }
            ],
            "tags": null,
            "tags_fingerprint": "42WmSpB8rSM=",
            "timeouts": null,
            "zone": "us-central1-b"
          },
          "sensitive_attributes": [],
          "private": "eyJlMmJmYjczMC1lY2FhLTExZTYtOGY4OC0zNDM2M2JjN2M0YzAiOnsiY3JlYXRlIjoxMjAwMDAwMDAwMDAwLCJkZWxldGUiOjEyMDAwMDAwMDAwMDAsInVwZGF0ZSI6MTIwMDAwMDAwMDAwMH0sInNjaGVtYV92ZXJzaW9uIjoiNiJ9"
        }
      ]
    },
    {
      "mode": "managed",
      "type": "google_compute_instance",
      "name": "video-instance-asia-east1-a",
      "provider": "provider[\"registry.terraform.io/hashicorp/google\"]",
      "instances": [
        {
          "schema_version": 6,
          "attributes": {
            "advanced_machine_features": [],
            "allow_stopping_for_update": null,
            "attached_disk": [],
            "boot_disk": [
              {
                "auto_delete": true,
                "device_name": "persistent-disk-0",
                "disk_encryption_key_raw": "",
                "disk_encryption_key_sha256": "",
                "initialize_params": [
                  {
                    "image": "https://www.googleapis.com/compute/v1/projects/debian-cloud/global/images/debian-11-bullseye-v20240515",
                    "labels": {},
                    "resource_manager_tags": null,
                    "size": 10,
                    "type": "pd-standard"
                  }
                ],
                "kms_key_self_link": "",
                "mode": "READ_WRITE",
                "source": "https://www.googleapis.com/compute/v1/projects/projetocloud-417315/zones/asia-east1-a/disks/html-instance-asia-east1-a"
              }
            ],
            "can_ip_forward": false,
            "confidential_instance_config": [],
            "cpu_platform": "Intel Broadwell",
            "current_status": "RUNNING",
            "deletion_protection": false,
            "description": "",
            "desired_status": null,
            "enable_display": false,
            "guest_accelerator": [],
            "hostname": "",
            "id": "projects/projetocloud-417315/zones/asia-east1-a/instances/html-instance-asia-east1-a",
            "instance_id": "4453192850609323048",
            "label_fingerprint": "42WmSpB8rSM=",
            "labels": null,
            "machine_type": "e2-micro",
            "metadata": {
              "ssh-keys": "      monicaaaraujo_aa:ssh-rsa AAAAB3NzaC1yc2EAAAADAQABAAACAQC0sjyxepiun6vl+R3HfyidCAf9lWyjIReNI6gNkmEOymrZonIEmVRorms11Zwl+HU0774BYra3IEgMLmBRIh1k+jstUh1MwpR/ENg01U6OWG+IyzAtvMgXtpMPORM7wxV28O9zpvuNVSfZJtSNsE6UH8sBIlhiSM+MCCpgQaT2X7z43cWBvPHh3NNWSc/xK4B2yAFhj7bmH1WS1tx7jGj8oh8kGft2WPVuAmJrYLrzv+Fni1d0D5bAkDeSTPvb3+CO0IKiCBbV2y/tUIRBWxQVLJh9KXfpTHz5SfOje5k+Tla8eTsyR3JGQt/mIYEEJNFl0TVTGowtmL69w51yDwDETmPqjp3T1wgQQBa3NsNBuqz4mcPdToii/+1xzdm1lVaUYaPqot0IjK1HbFk5ZH2F9O1MIvpxpX1kuUF26FBgAALGYV0mpWrZRQ0seAEDFDGzHKfFsab3D0xcaq7j/LNhLMr7uCEIYLs7pEcs34PWRfl0yo5waDOTqm7D639C4gTsD/ZTyru2cShSGem5wPmBSvl8vSdnwbPEAiErkky/kaj4TPc3peu3XcqwxKeF3Zbje41YpN18zjDVs59xCmjbxRq0jpgePRpycDaBVuWbN/JUu/Xiaapzy1P5t2TBUCEpeDbHq7HiE8zwVcQkJ84uTrYYoVw47+dEJGuU00P52Q== admcloud_key\r\n      mariajoao7:ssh-rsa AAAAB3NzaC1yc2EAAAADAQABAAACAQC0sjyxepiun6vl+R3HfyidCAf9lWyjIReNI6gNkmEOymrZonIEmVRorms11Zwl+HU0774BYra3IEgMLmBRIh1k+jstUh1MwpR/ENg01U6OWG+IyzAtvMgXtpMPORM7wxV28O9zpvuNVSfZJtSNsE6UH8sBIlhiSM+MCCpgQaT2X7z43cWBvPHh3NNWSc/xK4B2yAFhj7bmH1WS1tx7jGj8oh8kGft2WPVuAmJrYLrzv+Fni1d0D5bAkDeSTPvb3+CO0IKiCBbV2y/tUIRBWxQVLJh9KXfpTHz5SfOje5k+Tla8eTsyR3JGQt/mIYEEJNFl0TVTGowtmL69w51yDwDETmPqjp3T1wgQQBa3NsNBuqz4mcPdToii/+1xzdm1lVaUYaPqot0IjK1HbFk5ZH2F9O1MIvpxpX1kuUF26FBgAALGYV0mpWrZRQ0seAEDFDGzHKfFsab3D0xcaq7j/LNhLMr7uCEIYLs7pEcs34PWRfl0yo5waDOTqm7D639C4gTsD/ZTyru2cShSGem5wPmBSvl8vSdnwbPEAiErkky/kaj4TPc3peu3XcqwxKeF3Zbje41YpN18zjDVs59xCmjbxRq0jpgePRpycDaBVuWbN/JUu/Xiaapzy1P5t2TBUCEpeDbHq7HiE8zwVcQkJ84uTrYYoVw47+dEJGuU00P52Q== admcloud_key\r\n"
            },
            "metadata_fingerprint": "xTSw0btSVmc=",
            "metadata_startup_script": "#!/bin/bash\n\nsudo apt-get update\nsudo apt-get install apache2 -y\nsudo service apache2 restart \n# sudo apt-get install -y nginx-light jq\n\necho '\u003c!doctype html\u003e\u003chtml\u003e\u003cbody\u003e\u003ch1\u003eweb-video\u003c/h1\u003e\u003c/body\u003e\u003c/html\u003e' | sudo tee /var/www/html/index.html\nsudo mkdir /var/www/html/video\necho '\u003c!doctype html\u003e\u003chtml\u003e\u003cbody\u003e\u003ch1\u003eweb-video\u003c/h1\u003e\u003c/body\u003e\u003c/html\u003e' | sudo tee /var/www/html/video/index.html",
            "min_cpu_platform": "",
            "name": "html-instance-asia-east1-a",
            "network_interface": [
              {
                "access_config": [
                  {
                    "nat_ip": "34.81.156.40",
                    "network_tier": "PREMIUM",
                    "public_ptr_domain_name": ""
                  }
                ],
                "alias_ip_range": [],
                "internal_ipv6_prefix_length": 0,
                "ipv6_access_config": [],
                "ipv6_access_type": "",
                "ipv6_address": "",
                "name": "nic0",
                "network": "https://www.googleapis.com/compute/v1/projects/projetocloud-417315/global/networks/default",
                "network_ip": "10.140.0.20",
                "nic_type": "",
                "queue_count": 0,
                "stack_type": "IPV4_ONLY",
                "subnetwork": "https://www.googleapis.com/compute/v1/projects/projetocloud-417315/regions/asia-east1/subnetworks/default",
                "subnetwork_project": "projetocloud-417315"
              }
            ],
            "network_performance_config": [],
            "params": [],
            "project": "projetocloud-417315",
            "reservation_affinity": [],
            "resource_policies": null,
            "scheduling": [
              {
                "automatic_restart": true,
                "instance_termination_action": "",
                "local_ssd_recovery_timeout": [],
                "min_node_cpus": 0,
                "node_affinities": [],
                "on_host_maintenance": "MIGRATE",
                "preemptible": false,
                "provisioning_model": "STANDARD"
              }
            ],
            "scratch_disk": [],
            "self_link": "https://www.googleapis.com/compute/v1/projects/projetocloud-417315/zones/asia-east1-a/instances/html-instance-asia-east1-a",
            "service_account": [],
            "shielded_instance_config": [
              {
                "enable_integrity_monitoring": true,
                "enable_secure_boot": false,
                "enable_vtpm": true
              }
            ],
            "tags": null,
            "tags_fingerprint": "42WmSpB8rSM=",
            "timeouts": null,
            "zone": "asia-east1-a"
          },
          "sensitive_attributes": [],
          "private": "eyJlMmJmYjczMC1lY2FhLTExZTYtOGY4OC0zNDM2M2JjN2M0YzAiOnsiY3JlYXRlIjoxMjAwMDAwMDAwMDAwLCJkZWxldGUiOjEyMDAwMDAwMDAwMDAsInVwZGF0ZSI6MTIwMDAwMDAwMDAwMH0sInNjaGVtYV92ZXJzaW9uIjoiNiJ9"
        }
      ]
    },
    {
      "mode": "managed",
      "type": "google_compute_instance",
      "name": "video-instance-europe-west9-a",
      "provider": "provider[\"registry.terraform.io/hashicorp/google\"]",
      "instances": [
        {
          "schema_version": 6,
          "attributes": {
            "advanced_machine_features": [],
            "allow_stopping_for_update": null,
            "attached_disk": [],
            "boot_disk": [
              {
                "auto_delete": true,
                "device_name": "persistent-disk-0",
                "disk_encryption_key_raw": "",
                "disk_encryption_key_sha256": "",
                "initialize_params": [
                  {
                    "image": "https://www.googleapis.com/compute/v1/projects/debian-cloud/global/images/debian-11-bullseye-v20240515",
                    "labels": {},
                    "resource_manager_tags": null,
                    "size": 10,
                    "type": "pd-standard"
                  }
                ],
                "kms_key_self_link": "",
                "mode": "READ_WRITE",
                "source": "https://www.googleapis.com/compute/v1/projects/projetocloud-417315/zones/europe-west9-a/disks/video-instance-europe-west9-a"
              }
            ],
            "can_ip_forward": false,
            "confidential_instance_config": [],
            "cpu_platform": "Intel Broadwell",
            "current_status": "RUNNING",
            "deletion_protection": false,
            "description": "",
            "desired_status": null,
            "enable_display": false,
            "guest_accelerator": [],
            "hostname": "",
            "id": "projects/projetocloud-417315/zones/europe-west9-a/instances/video-instance-europe-west9-a",
            "instance_id": "6272615175575092265",
            "label_fingerprint": "42WmSpB8rSM=",
            "labels": null,
            "machine_type": "e2-micro",
            "metadata": {
              "ssh-keys": "      monicaaaraujo_aa:ssh-rsa AAAAB3NzaC1yc2EAAAADAQABAAACAQC0sjyxepiun6vl+R3HfyidCAf9lWyjIReNI6gNkmEOymrZonIEmVRorms11Zwl+HU0774BYra3IEgMLmBRIh1k+jstUh1MwpR/ENg01U6OWG+IyzAtvMgXtpMPORM7wxV28O9zpvuNVSfZJtSNsE6UH8sBIlhiSM+MCCpgQaT2X7z43cWBvPHh3NNWSc/xK4B2yAFhj7bmH1WS1tx7jGj8oh8kGft2WPVuAmJrYLrzv+Fni1d0D5bAkDeSTPvb3+CO0IKiCBbV2y/tUIRBWxQVLJh9KXfpTHz5SfOje5k+Tla8eTsyR3JGQt/mIYEEJNFl0TVTGowtmL69w51yDwDETmPqjp3T1wgQQBa3NsNBuqz4mcPdToii/+1xzdm1lVaUYaPqot0IjK1HbFk5ZH2F9O1MIvpxpX1kuUF26FBgAALGYV0mpWrZRQ0seAEDFDGzHKfFsab3D0xcaq7j/LNhLMr7uCEIYLs7pEcs34PWRfl0yo5waDOTqm7D639C4gTsD/ZTyru2cShSGem5wPmBSvl8vSdnwbPEAiErkky/kaj4TPc3peu3XcqwxKeF3Zbje41YpN18zjDVs59xCmjbxRq0jpgePRpycDaBVuWbN/JUu/Xiaapzy1P5t2TBUCEpeDbHq7HiE8zwVcQkJ84uTrYYoVw47+dEJGuU00P52Q== admcloud_key\r\n      mariajoao7:ssh-rsa AAAAB3NzaC1yc2EAAAADAQABAAACAQC0sjyxepiun6vl+R3HfyidCAf9lWyjIReNI6gNkmEOymrZonIEmVRorms11Zwl+HU0774BYra3IEgMLmBRIh1k+jstUh1MwpR/ENg01U6OWG+IyzAtvMgXtpMPORM7wxV28O9zpvuNVSfZJtSNsE6UH8sBIlhiSM+MCCpgQaT2X7z43cWBvPHh3NNWSc/xK4B2yAFhj7bmH1WS1tx7jGj8oh8kGft2WPVuAmJrYLrzv+Fni1d0D5bAkDeSTPvb3+CO0IKiCBbV2y/tUIRBWxQVLJh9KXfpTHz5SfOje5k+Tla8eTsyR3JGQt/mIYEEJNFl0TVTGowtmL69w51yDwDETmPqjp3T1wgQQBa3NsNBuqz4mcPdToii/+1xzdm1lVaUYaPqot0IjK1HbFk5ZH2F9O1MIvpxpX1kuUF26FBgAALGYV0mpWrZRQ0seAEDFDGzHKfFsab3D0xcaq7j/LNhLMr7uCEIYLs7pEcs34PWRfl0yo5waDOTqm7D639C4gTsD/ZTyru2cShSGem5wPmBSvl8vSdnwbPEAiErkky/kaj4TPc3peu3XcqwxKeF3Zbje41YpN18zjDVs59xCmjbxRq0jpgePRpycDaBVuWbN/JUu/Xiaapzy1P5t2TBUCEpeDbHq7HiE8zwVcQkJ84uTrYYoVw47+dEJGuU00P52Q== admcloud_key\r\n"
            },
            "metadata_fingerprint": "xTSw0btSVmc=",
            "metadata_startup_script": "#!/bin/bash\n\nsudo apt-get update\nsudo apt-get install apache2 -y\nsudo service apache2 restart \n# sudo apt-get install -y nginx-light jq\n\necho '\u003c!doctype html\u003e\u003chtml\u003e\u003cbody\u003e\u003ch1\u003eweb-video\u003c/h1\u003e\u003c/body\u003e\u003c/html\u003e' | sudo tee /var/www/html/index.html\nsudo mkdir /var/www/html/video\necho '\u003c!doctype html\u003e\u003chtml\u003e\u003cbody\u003e\u003ch1\u003eweb-video\u003c/h1\u003e\u003c/body\u003e\u003c/html\u003e' | sudo tee /var/www/html/video/index.html",
            "min_cpu_platform": "",
            "name": "video-instance-europe-west9-a",
            "network_interface": [
              {
                "access_config": [
                  {
                    "nat_ip": "34.155.159.8",
                    "network_tier": "PREMIUM",
                    "public_ptr_domain_name": ""
                  }
                ],
                "alias_ip_range": [],
                "internal_ipv6_prefix_length": 0,
                "ipv6_access_config": [],
                "ipv6_access_type": "",
                "ipv6_address": "",
                "name": "nic0",
                "network": "https://www.googleapis.com/compute/v1/projects/projetocloud-417315/global/networks/default",
                "network_ip": "10.200.0.6",
                "nic_type": "",
                "queue_count": 0,
                "stack_type": "IPV4_ONLY",
                "subnetwork": "https://www.googleapis.com/compute/v1/projects/projetocloud-417315/regions/europe-west9/subnetworks/default",
                "subnetwork_project": "projetocloud-417315"
              }
            ],
            "network_performance_config": [],
            "params": [],
            "project": "projetocloud-417315",
            "reservation_affinity": [],
            "resource_policies": null,
            "scheduling": [
              {
                "automatic_restart": true,
                "instance_termination_action": "",
                "local_ssd_recovery_timeout": [],
                "min_node_cpus": 0,
                "node_affinities": [],
                "on_host_maintenance": "MIGRATE",
                "preemptible": false,
                "provisioning_model": "STANDARD"
              }
            ],
            "scratch_disk": [],
            "self_link": "https://www.googleapis.com/compute/v1/projects/projetocloud-417315/zones/europe-west9-a/instances/video-instance-europe-west9-a",
            "service_account": [],
            "shielded_instance_config": [
              {
                "enable_integrity_monitoring": true,
                "enable_secure_boot": false,
                "enable_vtpm": true
              }
            ],
            "tags": null,
            "tags_fingerprint": "42WmSpB8rSM=",
            "timeouts": null,
            "zone": "europe-west9-a"
          },
          "sensitive_attributes": [],
          "private": "eyJlMmJmYjczMC1lY2FhLTExZTYtOGY4OC0zNDM2M2JjN2M0YzAiOnsiY3JlYXRlIjoxMjAwMDAwMDAwMDAwLCJkZWxldGUiOjEyMDAwMDAwMDAwMDAsInVwZGF0ZSI6MTIwMDAwMDAwMDAwMH0sInNjaGVtYV92ZXJzaW9uIjoiNiJ9"
        }
      ]
    },
    {
      "mode": "managed",
      "type": "google_compute_instance",
      "name": "video-instance-us-central1-b",
      "provider": "provider[\"registry.terraform.io/hashicorp/google\"]",
      "instances": [
        {
          "schema_version": 6,
          "attributes": {
            "advanced_machine_features": [],
            "allow_stopping_for_update": null,
            "attached_disk": [],
            "boot_disk": [
              {
                "auto_delete": true,
                "device_name": "persistent-disk-0",
                "disk_encryption_key_raw": "",
                "disk_encryption_key_sha256": "",
                "initialize_params": [
                  {
                    "image": "https://www.googleapis.com/compute/v1/projects/debian-cloud/global/images/debian-11-bullseye-v20240515",
                    "labels": {},
                    "resource_manager_tags": null,
                    "size": 10,
                    "type": "pd-standard"
                  }
                ],
                "kms_key_self_link": "",
                "mode": "READ_WRITE",
                "source": "https://www.googleapis.com/compute/v1/projects/projetocloud-417315/zones/us-central1-b/disks/video-instance-us-central1-b"
              }
            ],
            "can_ip_forward": false,
            "confidential_instance_config": [],
            "cpu_platform": "Intel Broadwell",
            "current_status": "RUNNING",
            "deletion_protection": false,
            "description": "",
            "desired_status": null,
            "enable_display": false,
            "guest_accelerator": [],
            "hostname": "",
            "id": "projects/projetocloud-417315/zones/us-central1-b/instances/video-instance-us-central1-b",
            "instance_id": "553215121088887848",
            "label_fingerprint": "42WmSpB8rSM=",
            "labels": null,
            "machine_type": "e2-micro",
            "metadata": {
              "ssh-keys": "      monicaaaraujo_aa:ssh-rsa AAAAB3NzaC1yc2EAAAADAQABAAACAQC0sjyxepiun6vl+R3HfyidCAf9lWyjIReNI6gNkmEOymrZonIEmVRorms11Zwl+HU0774BYra3IEgMLmBRIh1k+jstUh1MwpR/ENg01U6OWG+IyzAtvMgXtpMPORM7wxV28O9zpvuNVSfZJtSNsE6UH8sBIlhiSM+MCCpgQaT2X7z43cWBvPHh3NNWSc/xK4B2yAFhj7bmH1WS1tx7jGj8oh8kGft2WPVuAmJrYLrzv+Fni1d0D5bAkDeSTPvb3+CO0IKiCBbV2y/tUIRBWxQVLJh9KXfpTHz5SfOje5k+Tla8eTsyR3JGQt/mIYEEJNFl0TVTGowtmL69w51yDwDETmPqjp3T1wgQQBa3NsNBuqz4mcPdToii/+1xzdm1lVaUYaPqot0IjK1HbFk5ZH2F9O1MIvpxpX1kuUF26FBgAALGYV0mpWrZRQ0seAEDFDGzHKfFsab3D0xcaq7j/LNhLMr7uCEIYLs7pEcs34PWRfl0yo5waDOTqm7D639C4gTsD/ZTyru2cShSGem5wPmBSvl8vSdnwbPEAiErkky/kaj4TPc3peu3XcqwxKeF3Zbje41YpN18zjDVs59xCmjbxRq0jpgePRpycDaBVuWbN/JUu/Xiaapzy1P5t2TBUCEpeDbHq7HiE8zwVcQkJ84uTrYYoVw47+dEJGuU00P52Q== admcloud_key\r\n      mariajoao7:ssh-rsa AAAAB3NzaC1yc2EAAAADAQABAAACAQC0sjyxepiun6vl+R3HfyidCAf9lWyjIReNI6gNkmEOymrZonIEmVRorms11Zwl+HU0774BYra3IEgMLmBRIh1k+jstUh1MwpR/ENg01U6OWG+IyzAtvMgXtpMPORM7wxV28O9zpvuNVSfZJtSNsE6UH8sBIlhiSM+MCCpgQaT2X7z43cWBvPHh3NNWSc/xK4B2yAFhj7bmH1WS1tx7jGj8oh8kGft2WPVuAmJrYLrzv+Fni1d0D5bAkDeSTPvb3+CO0IKiCBbV2y/tUIRBWxQVLJh9KXfpTHz5SfOje5k+Tla8eTsyR3JGQt/mIYEEJNFl0TVTGowtmL69w51yDwDETmPqjp3T1wgQQBa3NsNBuqz4mcPdToii/+1xzdm1lVaUYaPqot0IjK1HbFk5ZH2F9O1MIvpxpX1kuUF26FBgAALGYV0mpWrZRQ0seAEDFDGzHKfFsab3D0xcaq7j/LNhLMr7uCEIYLs7pEcs34PWRfl0yo5waDOTqm7D639C4gTsD/ZTyru2cShSGem5wPmBSvl8vSdnwbPEAiErkky/kaj4TPc3peu3XcqwxKeF3Zbje41YpN18zjDVs59xCmjbxRq0jpgePRpycDaBVuWbN/JUu/Xiaapzy1P5t2TBUCEpeDbHq7HiE8zwVcQkJ84uTrYYoVw47+dEJGuU00P52Q== admcloud_key\r\n"
            },
            "metadata_fingerprint": "xTSw0btSVmc=",
            "metadata_startup_script": "#!/bin/bash\n\nsudo apt-get update\nsudo apt-get install apache2 -y\nsudo service apache2 restart \n# sudo apt-get install -y nginx-light jq\n\necho '\u003c!doctype html\u003e\u003chtml\u003e\u003cbody\u003e\u003ch1\u003eweb-video\u003c/h1\u003e\u003c/body\u003e\u003c/html\u003e' | sudo tee /var/www/html/index.html\nsudo mkdir /var/www/html/video\necho '\u003c!doctype html\u003e\u003chtml\u003e\u003cbody\u003e\u003ch1\u003eweb-video\u003c/h1\u003e\u003c/body\u003e\u003c/html\u003e' | sudo tee /var/www/html/video/index.html",
            "min_cpu_platform": "",
            "name": "video-instance-us-central1-b",
            "network_interface": [
              {
                "access_config": [
                  {
                    "nat_ip": "34.16.66.78",
                    "network_tier": "PREMIUM",
                    "public_ptr_domain_name": ""
                  }
                ],
                "alias_ip_range": [],
                "internal_ipv6_prefix_length": 0,
                "ipv6_access_config": [],
                "ipv6_access_type": "",
                "ipv6_address": "",
                "name": "nic0",
                "network": "https://www.googleapis.com/compute/v1/projects/projetocloud-417315/global/networks/default",
                "network_ip": "10.128.0.22",
                "nic_type": "",
                "queue_count": 0,
                "stack_type": "IPV4_ONLY",
                "subnetwork": "https://www.googleapis.com/compute/v1/projects/projetocloud-417315/regions/us-central1/subnetworks/default",
                "subnetwork_project": "projetocloud-417315"
              }
            ],
            "network_performance_config": [],
            "params": [],
            "project": "projetocloud-417315",
            "reservation_affinity": [],
            "resource_policies": null,
            "scheduling": [
              {
                "automatic_restart": true,
                "instance_termination_action": "",
                "local_ssd_recovery_timeout": [],
                "min_node_cpus": 0,
                "node_affinities": [],
                "on_host_maintenance": "MIGRATE",
                "preemptible": false,
                "provisioning_model": "STANDARD"
              }
            ],
            "scratch_disk": [],
            "self_link": "https://www.googleapis.com/compute/v1/projects/projetocloud-417315/zones/us-central1-b/instances/video-instance-us-central1-b",
            "service_account": [],
            "shielded_instance_config": [
              {
                "enable_integrity_monitoring": true,
                "enable_secure_boot": false,
                "enable_vtpm": true
              }
            ],
            "tags": null,
            "tags_fingerprint": "42WmSpB8rSM=",
            "timeouts": null,
            "zone": "us-central1-b"
          },
          "sensitive_attributes": [],
          "private": "eyJlMmJmYjczMC1lY2FhLTExZTYtOGY4OC0zNDM2M2JjN2M0YzAiOnsiY3JlYXRlIjoxMjAwMDAwMDAwMDAwLCJkZWxldGUiOjEyMDAwMDAwMDAwMDAsInVwZGF0ZSI6MTIwMDAwMDAwMDAwMH0sInNjaGVtYV92ZXJzaW9uIjoiNiJ9"
        }
      ]
    },
    {
      "mode": "managed",
      "type": "google_compute_instance_group",
      "name": "html-instance-group-asia-east1-a",
      "provider": "provider[\"registry.terraform.io/hashicorp/google\"]",
      "instances": [
        {
          "schema_version": 2,
          "attributes": {
            "description": "HTML Asia instance group",
            "id": "projects/projetocloud-417315/zones/asia-east1-a/instanceGroups/html-instance-group-asia-east1-a",
            "instances": [
              "projects/projetocloud-417315/zones/asia-east1-a/instances/video-instance-asia-east1-a"
            ],
            "name": "html-instance-group-asia-east1-a",
            "named_port": [
              {
                "name": "http",
                "port": 80
              }
            ],
            "network": "https://www.googleapis.com/compute/v1/projects/projetocloud-417315/global/networks/default",
            "project": "projetocloud-417315",
            "self_link": "https://www.googleapis.com/compute/v1/projects/projetocloud-417315/zones/asia-east1-a/instanceGroups/html-instance-group-asia-east1-a",
            "size": 1,
            "timeouts": null,
            "zone": "asia-east1-a"
          },
          "sensitive_attributes": [],
          "private": "eyJlMmJmYjczMC1lY2FhLTExZTYtOGY4OC0zNDM2M2JjN2M0YzAiOnsiY3JlYXRlIjozNjAwMDAwMDAwMDAsImRlbGV0ZSI6MzYwMDAwMDAwMDAwLCJ1cGRhdGUiOjM2MDAwMDAwMDAwMH0sInNjaGVtYV92ZXJzaW9uIjoiMiJ9",
          "dependencies": [
            "google_compute_instance.html-instance-asia-east1-a"
          ]
        }
      ]
    },
    {
      "mode": "managed",
      "type": "google_compute_instance_group",
      "name": "html-instance-group-us-central1-b",
      "provider": "provider[\"registry.terraform.io/hashicorp/google\"]",
      "instances": [
        {
          "schema_version": 2,
          "attributes": {
            "description": "HTML US instance group",
            "id": "projects/projetocloud-417315/zones/us-central1-b/instanceGroups/html-instance-group-us-central1-b",
            "instances": [
              "projects/projetocloud-417315/zones/us-central1-b/instances/html-instance-us-central1-b"
            ],
            "name": "html-instance-group-us-central1-b",
            "named_port": [
              {
                "name": "http",
                "port": 80
              }
            ],
            "network": "https://www.googleapis.com/compute/v1/projects/projetocloud-417315/global/networks/default",
            "project": "projetocloud-417315",
            "self_link": "https://www.googleapis.com/compute/v1/projects/projetocloud-417315/zones/us-central1-b/instanceGroups/html-instance-group-us-central1-b",
            "size": 1,
            "timeouts": null,
            "zone": "us-central1-b"
          },
          "sensitive_attributes": [],
          "private": "eyJlMmJmYjczMC1lY2FhLTExZTYtOGY4OC0zNDM2M2JjN2M0YzAiOnsiY3JlYXRlIjozNjAwMDAwMDAwMDAsImRlbGV0ZSI6MzYwMDAwMDAwMDAwLCJ1cGRhdGUiOjM2MDAwMDAwMDAwMH0sInNjaGVtYV92ZXJzaW9uIjoiMiJ9",
          "dependencies": [
            "google_compute_instance.html-instance-us-central1-b"
          ]
        }
      ]
    },
    {
      "mode": "managed",
      "type": "google_compute_instance_group",
      "name": "video-instance-group-asia-east1-a",
      "provider": "provider[\"registry.terraform.io/hashicorp/google\"]",
      "instances": [
        {
          "schema_version": 2,
          "attributes": {
            "description": "Video Asia instance group",
            "id": "projects/projetocloud-417315/zones/asia-east1-a/instanceGroups/vide-instance-group-asia-east1-a",
            "instances": [
              "projects/projetocloud-417315/zones/asia-east1-a/instances/html-instance-asia-east1-a"
            ],
            "name": "vide-instance-group-asia-east1-a",
            "named_port": [
              {
                "name": "http",
                "port": 80
              }
            ],
            "network": "https://www.googleapis.com/compute/v1/projects/projetocloud-417315/global/networks/default",
            "project": "projetocloud-417315",
            "self_link": "https://www.googleapis.com/compute/v1/projects/projetocloud-417315/zones/asia-east1-a/instanceGroups/vide-instance-group-asia-east1-a",
            "size": 1,
            "timeouts": null,
            "zone": "asia-east1-a"
          },
          "sensitive_attributes": [],
          "private": "eyJlMmJmYjczMC1lY2FhLTExZTYtOGY4OC0zNDM2M2JjN2M0YzAiOnsiY3JlYXRlIjozNjAwMDAwMDAwMDAsImRlbGV0ZSI6MzYwMDAwMDAwMDAwLCJ1cGRhdGUiOjM2MDAwMDAwMDAwMH0sInNjaGVtYV92ZXJzaW9uIjoiMiJ9",
          "dependencies": [
            "google_compute_instance.video-instance-asia-east1-a"
          ]
        }
      ]
    },
    {
      "mode": "managed",
      "type": "google_compute_instance_group",
      "name": "video-instance-group-us-central1-b",
      "provider": "provider[\"registry.terraform.io/hashicorp/google\"]",
      "instances": [
        {
          "schema_version": 2,
          "attributes": {
            "description": "Video US instance group",
            "id": "projects/projetocloud-417315/zones/us-central1-b/instanceGroups/vide-instance-group-us-central1-b",
            "instances": [
              "projects/projetocloud-417315/zones/us-central1-b/instances/video-instance-us-central1-b"
            ],
            "name": "vide-instance-group-us-central1-b",
            "named_port": [
              {
                "name": "http",
                "port": 80
              }
            ],
            "network": "https://www.googleapis.com/compute/v1/projects/projetocloud-417315/global/networks/default",
            "project": "projetocloud-417315",
            "self_link": "https://www.googleapis.com/compute/v1/projects/projetocloud-417315/zones/us-central1-b/instanceGroups/vide-instance-group-us-central1-b",
            "size": 1,
            "timeouts": null,
            "zone": "us-central1-b"
          },
          "sensitive_attributes": [],
          "private": "eyJlMmJmYjczMC1lY2FhLTExZTYtOGY4OC0zNDM2M2JjN2M0YzAiOnsiY3JlYXRlIjozNjAwMDAwMDAwMDAsImRlbGV0ZSI6MzYwMDAwMDAwMDAwLCJ1cGRhdGUiOjM2MDAwMDAwMDAwMH0sInNjaGVtYV92ZXJzaW9uIjoiMiJ9",
          "dependencies": [
            "google_compute_instance.video-instance-us-central1-b"
          ]
        }
      ]
    }
  ],
  "check_results": null
}
